
Microsoft Visual Studio Solution File, Format Version 12.00
# Visual Studio Version 17
VisualStudioVersion = 17.8.34525.116
MinimumVisualStudioVersion = 10.0.40219.1
Project("{FAE04EC0-301F-11D3-BF4B-00C04F79EFBC}") = "Drawing", "Drawing.csproj", "{D672A07A-6CEA-49E2-952F-EEBD60440379}"
EndProject
Global
	GlobalSection(SolutionConfigurationPlatforms) = preSolution
		Debug|Any CPU = Debug|Any CPU
		Release|Any CPU = Release|Any CPU
	EndGlobalSection
	GlobalSection(ProjectConfigurationPlatforms) = postSolution
		{D672A07A-6CEA-49E2-952F-EEBD60440379}.Debug|Any CPU.ActiveCfg = Debug|Any CPU
		{D672A07A-6CEA-49E2-952F-EEBD60440379}.Debug|Any CPU.Build.0 = Debug|Any CPU
		{D672A07A-6CEA-49E2-952F-EEBD60440379}.Release|Any CPU.ActiveCfg = Release|Any CPU
		{D672A07A-6CEA-49E2-952F-EEBD60440379}.Release|Any CPU.Build.0 = Release|Any CPU
	EndGlobalSection
	GlobalSection(SolutionProperties) = preSolution
		HideSolutionNode = FALSE
	EndGlobalSection
	GlobalSection(ExtensibilityGlobals) = postSolution
		SolutionGuid = {A2EE42D1-96DF-4B98-A9CD-266EDD2A4D39}
	EndGlobalSection
EndGlobal
